
Microsoft Visual Studio Solution File, Format Version 12.00
# Visual Studio Version 17
VisualStudioVersion = 17.0.31903.59
MinimumVisualStudioVersion = 10.0.40219.1
Project("{2150E333-8FDC-42A3-9474-1A3956D46DE8}") = "src", "src", "{827E0CD3-B72D-47B6-A68D-7590B98EB39B}"
EndProject
Project("{FAE04EC0-301F-11D3-BF4B-00C04F79EFBC}") = "ParksComputing.Cells", "src\ParksComputing.Cells\ParksComputing.Cells.csproj", "{CEF4A5E3-BCA1-457D-8B7A-3CB6A45B5414}"
EndProject
Project("{FAE04EC0-301F-11D3-BF4B-00C04F79EFBC}") = "ParksComputing.Cells.Build", "src\ParksComputing.Cells.Build\ParksComputing.Cells.Build.csproj", "{EE96E64E-BA72-46E9-A33E-2E470B0BA7EE}"
EndProject
Project("{FAE04EC0-301F-11D3-BF4B-00C04F79EFBC}") = "ParksComputing.Cells.Extensions", "src\ParksComputing.Cells.Extensions\ParksComputing.Cells.Extensions.csproj", "{B20D8215-15C5-4E4C-B800-D8C5B794AAEE}"
EndProject
Project("{FAE04EC0-301F-11D3-BF4B-00C04F79EFBC}") = "ParksComputing.Cells.Hosting", "src\ParksComputing.Cells.Hosting\ParksComputing.Cells.Hosting.csproj", "{08053522-3086-4194-8B8D-7401A28A8FB6}"
EndProject
Project("{FAE04EC0-301F-11D3-BF4B-00C04F79EFBC}") = "ParksComputing.Cells.Testing", "src\ParksComputing.Cells.Testing\ParksComputing.Cells.Testing.csproj", "{4BBCEA65-41CE-444F-9DEC-92296D450FA5}"
EndProject
Project("{2150E333-8FDC-42A3-9474-1A3956D46DE8}") = "samples", "samples", "{D1B4CF99-7947-DD6C-81D0-5B5B3989814C}"
EndProject
Project("{FAE04EC0-301F-11D3-BF4B-00C04F79EFBC}") = "DocInsight", "src\samples\DocInsight\DocInsight.csproj", "{DBB947B3-62D2-4BF2-8655-132EE121D62C}"
EndProject
Project("{FAE04EC0-301F-11D3-BF4B-00C04F79EFBC}") = "FileWatcher", "src\samples\FileWatcher\FileWatcher.csproj", "{3AB61D14-26E1-4A9F-91BA-CD3289629BE6}"
EndProject
Project("{FAE04EC0-301F-11D3-BF4B-00C04F79EFBC}") = "MarketData", "src\samples\MarketData\MarketData.csproj", "{F0A7D549-2995-47ED-8A33-3D10525F14D5}"
EndProject
Project("{2150E333-8FDC-42A3-9474-1A3956D46DE8}") = "Solution Items", "Solution Items", "{8EC462FD-D22E-90A8-E5CE-7E832BA40C5D}"
	ProjectSection(SolutionItems) = preProject
		.github\workflows\ci.yml = .github\workflows\ci.yml
		LICENSE.txt = LICENSE.txt
		README.md = README.md
	EndProjectSection
EndProject
Project("{FAE04EC0-301F-11D3-BF4B-00C04F79EFBC}") = "ParksComputing.Cells.Tests", "src\ParksComputing.Cells.Tests\ParksComputing.Cells.Tests.csproj", "{EC032775-54B6-4DD5-9C42-9063596F4694}"
EndProject
Global
	GlobalSection(SolutionConfigurationPlatforms) = preSolution
		Debug|Any CPU = Debug|Any CPU
		Debug|x64 = Debug|x64
		Debug|x86 = Debug|x86
		Release|Any CPU = Release|Any CPU
		Release|x64 = Release|x64
		Release|x86 = Release|x86
	EndGlobalSection
	GlobalSection(ProjectConfigurationPlatforms) = postSolution
		{CEF4A5E3-BCA1-457D-8B7A-3CB6A45B5414}.Debug|Any CPU.ActiveCfg = Debug|Any CPU
		{CEF4A5E3-BCA1-457D-8B7A-3CB6A45B5414}.Debug|Any CPU.Build.0 = Debug|Any CPU
		{CEF4A5E3-BCA1-457D-8B7A-3CB6A45B5414}.Debug|x64.ActiveCfg = Debug|Any CPU
		{CEF4A5E3-BCA1-457D-8B7A-3CB6A45B5414}.Debug|x64.Build.0 = Debug|Any CPU
		{CEF4A5E3-BCA1-457D-8B7A-3CB6A45B5414}.Debug|x86.ActiveCfg = Debug|Any CPU
		{CEF4A5E3-BCA1-457D-8B7A-3CB6A45B5414}.Debug|x86.Build.0 = Debug|Any CPU
		{CEF4A5E3-BCA1-457D-8B7A-3CB6A45B5414}.Release|Any CPU.ActiveCfg = Release|Any CPU
		{CEF4A5E3-BCA1-457D-8B7A-3CB6A45B5414}.Release|Any CPU.Build.0 = Release|Any CPU
		{CEF4A5E3-BCA1-457D-8B7A-3CB6A45B5414}.Release|x64.ActiveCfg = Release|Any CPU
		{CEF4A5E3-BCA1-457D-8B7A-3CB6A45B5414}.Release|x64.Build.0 = Release|Any CPU
		{CEF4A5E3-BCA1-457D-8B7A-3CB6A45B5414}.Release|x86.ActiveCfg = Release|Any CPU
		{CEF4A5E3-BCA1-457D-8B7A-3CB6A45B5414}.Release|x86.Build.0 = Release|Any CPU
		{EE96E64E-BA72-46E9-A33E-2E470B0BA7EE}.Debug|Any CPU.ActiveCfg = Debug|Any CPU
		{EE96E64E-BA72-46E9-A33E-2E470B0BA7EE}.Debug|Any CPU.Build.0 = Debug|Any CPU
		{EE96E64E-BA72-46E9-A33E-2E470B0BA7EE}.Debug|x64.ActiveCfg = Debug|Any CPU
		{EE96E64E-BA72-46E9-A33E-2E470B0BA7EE}.Debug|x64.Build.0 = Debug|Any CPU
		{EE96E64E-BA72-46E9-A33E-2E470B0BA7EE}.Debug|x86.ActiveCfg = Debug|Any CPU
		{EE96E64E-BA72-46E9-A33E-2E470B0BA7EE}.Debug|x86.Build.0 = Debug|Any CPU
		{EE96E64E-BA72-46E9-A33E-2E470B0BA7EE}.Release|Any CPU.ActiveCfg = Release|Any CPU
		{EE96E64E-BA72-46E9-A33E-2E470B0BA7EE}.Release|Any CPU.Build.0 = Release|Any CPU
		{EE96E64E-BA72-46E9-A33E-2E470B0BA7EE}.Release|x64.ActiveCfg = Release|Any CPU
		{EE96E64E-BA72-46E9-A33E-2E470B0BA7EE}.Release|x64.Build.0 = Release|Any CPU
		{EE96E64E-BA72-46E9-A33E-2E470B0BA7EE}.Release|x86.ActiveCfg = Release|Any CPU
		{EE96E64E-BA72-46E9-A33E-2E470B0BA7EE}.Release|x86.Build.0 = Release|Any CPU
		{B20D8215-15C5-4E4C-B800-D8C5B794AAEE}.Debug|Any CPU.ActiveCfg = Debug|Any CPU
		{B20D8215-15C5-4E4C-B800-D8C5B794AAEE}.Debug|Any CPU.Build.0 = Debug|Any CPU
		{B20D8215-15C5-4E4C-B800-D8C5B794AAEE}.Debug|x64.ActiveCfg = Debug|Any CPU
		{B20D8215-15C5-4E4C-B800-D8C5B794AAEE}.Debug|x64.Build.0 = Debug|Any CPU
		{B20D8215-15C5-4E4C-B800-D8C5B794AAEE}.Debug|x86.ActiveCfg = Debug|Any CPU
		{B20D8215-15C5-4E4C-B800-D8C5B794AAEE}.Debug|x86.Build.0 = Debug|Any CPU
		{B20D8215-15C5-4E4C-B800-D8C5B794AAEE}.Release|Any CPU.ActiveCfg = Release|Any CPU
		{B20D8215-15C5-4E4C-B800-D8C5B794AAEE}.Release|Any CPU.Build.0 = Release|Any CPU
		{B20D8215-15C5-4E4C-B800-D8C5B794AAEE}.Release|x64.ActiveCfg = Release|Any CPU
		{B20D8215-15C5-4E4C-B800-D8C5B794AAEE}.Release|x64.Build.0 = Release|Any CPU
		{B20D8215-15C5-4E4C-B800-D8C5B794AAEE}.Release|x86.ActiveCfg = Release|Any CPU
		{B20D8215-15C5-4E4C-B800-D8C5B794AAEE}.Release|x86.Build.0 = Release|Any CPU
		{08053522-3086-4194-8B8D-7401A28A8FB6}.Debug|Any CPU.ActiveCfg = Debug|Any CPU
		{08053522-3086-4194-8B8D-7401A28A8FB6}.Debug|Any CPU.Build.0 = Debug|Any CPU
		{08053522-3086-4194-8B8D-7401A28A8FB6}.Debug|x64.ActiveCfg = Debug|Any CPU
		{08053522-3086-4194-8B8D-7401A28A8FB6}.Debug|x64.Build.0 = Debug|Any CPU
		{08053522-3086-4194-8B8D-7401A28A8FB6}.Debug|x86.ActiveCfg = Debug|Any CPU
		{08053522-3086-4194-8B8D-7401A28A8FB6}.Debug|x86.Build.0 = Debug|Any CPU
		{08053522-3086-4194-8B8D-7401A28A8FB6}.Release|Any CPU.ActiveCfg = Release|Any CPU
		{08053522-3086-4194-8B8D-7401A28A8FB6}.Release|Any CPU.Build.0 = Release|Any CPU
		{08053522-3086-4194-8B8D-7401A28A8FB6}.Release|x64.ActiveCfg = Release|Any CPU
		{08053522-3086-4194-8B8D-7401A28A8FB6}.Release|x64.Build.0 = Release|Any CPU
		{08053522-3086-4194-8B8D-7401A28A8FB6}.Release|x86.ActiveCfg = Release|Any CPU
		{08053522-3086-4194-8B8D-7401A28A8FB6}.Release|x86.Build.0 = Release|Any CPU
		{4BBCEA65-41CE-444F-9DEC-92296D450FA5}.Debug|Any CPU.ActiveCfg = Debug|Any CPU
		{4BBCEA65-41CE-444F-9DEC-92296D450FA5}.Debug|Any CPU.Build.0 = Debug|Any CPU
		{4BBCEA65-41CE-444F-9DEC-92296D450FA5}.Debug|x64.ActiveCfg = Debug|Any CPU
		{4BBCEA65-41CE-444F-9DEC-92296D450FA5}.Debug|x64.Build.0 = Debug|Any CPU
		{4BBCEA65-41CE-444F-9DEC-92296D450FA5}.Debug|x86.ActiveCfg = Debug|Any CPU
		{4BBCEA65-41CE-444F-9DEC-92296D450FA5}.Debug|x86.Build.0 = Debug|Any CPU
		{4BBCEA65-41CE-444F-9DEC-92296D450FA5}.Release|Any CPU.ActiveCfg = Release|Any CPU
		{4BBCEA65-41CE-444F-9DEC-92296D450FA5}.Release|Any CPU.Build.0 = Release|Any CPU
		{4BBCEA65-41CE-444F-9DEC-92296D450FA5}.Release|x64.ActiveCfg = Release|Any CPU
		{4BBCEA65-41CE-444F-9DEC-92296D450FA5}.Release|x64.Build.0 = Release|Any CPU
		{4BBCEA65-41CE-444F-9DEC-92296D450FA5}.Release|x86.ActiveCfg = Release|Any CPU
		{4BBCEA65-41CE-444F-9DEC-92296D450FA5}.Release|x86.Build.0 = Release|Any CPU
		{DBB947B3-62D2-4BF2-8655-132EE121D62C}.Debug|Any CPU.ActiveCfg = Debug|Any CPU
		{DBB947B3-62D2-4BF2-8655-132EE121D62C}.Debug|Any CPU.Build.0 = Debug|Any CPU
		{DBB947B3-62D2-4BF2-8655-132EE121D62C}.Debug|x64.ActiveCfg = Debug|Any CPU
		{DBB947B3-62D2-4BF2-8655-132EE121D62C}.Debug|x64.Build.0 = Debug|Any CPU
		{DBB947B3-62D2-4BF2-8655-132EE121D62C}.Debug|x86.ActiveCfg = Debug|Any CPU
		{DBB947B3-62D2-4BF2-8655-132EE121D62C}.Debug|x86.Build.0 = Debug|Any CPU
		{DBB947B3-62D2-4BF2-8655-132EE121D62C}.Release|Any CPU.ActiveCfg = Release|Any CPU
		{DBB947B3-62D2-4BF2-8655-132EE121D62C}.Release|Any CPU.Build.0 = Release|Any CPU
		{DBB947B3-62D2-4BF2-8655-132EE121D62C}.Release|x64.ActiveCfg = Release|Any CPU
		{DBB947B3-62D2-4BF2-8655-132EE121D62C}.Release|x64.Build.0 = Release|Any CPU
		{DBB947B3-62D2-4BF2-8655-132EE121D62C}.Release|x86.ActiveCfg = Release|Any CPU
		{DBB947B3-62D2-4BF2-8655-132EE121D62C}.Release|x86.Build.0 = Release|Any CPU
		{3AB61D14-26E1-4A9F-91BA-CD3289629BE6}.Debug|Any CPU.ActiveCfg = Debug|Any CPU
		{3AB61D14-26E1-4A9F-91BA-CD3289629BE6}.Debug|Any CPU.Build.0 = Debug|Any CPU
		{3AB61D14-26E1-4A9F-91BA-CD3289629BE6}.Debug|x64.ActiveCfg = Debug|Any CPU
		{3AB61D14-26E1-4A9F-91BA-CD3289629BE6}.Debug|x64.Build.0 = Debug|Any CPU
		{3AB61D14-26E1-4A9F-91BA-CD3289629BE6}.Debug|x86.ActiveCfg = Debug|Any CPU
		{3AB61D14-26E1-4A9F-91BA-CD3289629BE6}.Debug|x86.Build.0 = Debug|Any CPU
		{3AB61D14-26E1-4A9F-91BA-CD3289629BE6}.Release|Any CPU.ActiveCfg = Release|Any CPU
		{3AB61D14-26E1-4A9F-91BA-CD3289629BE6}.Release|Any CPU.Build.0 = Release|Any CPU
		{3AB61D14-26E1-4A9F-91BA-CD3289629BE6}.Release|x64.ActiveCfg = Release|Any CPU
		{3AB61D14-26E1-4A9F-91BA-CD3289629BE6}.Release|x64.Build.0 = Release|Any CPU
		{3AB61D14-26E1-4A9F-91BA-CD3289629BE6}.Release|x86.ActiveCfg = Release|Any CPU
		{3AB61D14-26E1-4A9F-91BA-CD3289629BE6}.Release|x86.Build.0 = Release|Any CPU
		{F0A7D549-2995-47ED-8A33-3D10525F14D5}.Debug|Any CPU.ActiveCfg = Debug|Any CPU
		{F0A7D549-2995-47ED-8A33-3D10525F14D5}.Debug|Any CPU.Build.0 = Debug|Any CPU
		{F0A7D549-2995-47ED-8A33-3D10525F14D5}.Debug|x64.ActiveCfg = Debug|Any CPU
		{F0A7D549-2995-47ED-8A33-3D10525F14D5}.Debug|x64.Build.0 = Debug|Any CPU
		{F0A7D549-2995-47ED-8A33-3D10525F14D5}.Debug|x86.ActiveCfg = Debug|Any CPU
		{F0A7D549-2995-47ED-8A33-3D10525F14D5}.Debug|x86.Build.0 = Debug|Any CPU
		{F0A7D549-2995-47ED-8A33-3D10525F14D5}.Release|Any CPU.ActiveCfg = Release|Any CPU
		{F0A7D549-2995-47ED-8A33-3D10525F14D5}.Release|Any CPU.Build.0 = Release|Any CPU
		{F0A7D549-2995-47ED-8A33-3D10525F14D5}.Release|x64.ActiveCfg = Release|Any CPU
		{F0A7D549-2995-47ED-8A33-3D10525F14D5}.Release|x64.Build.0 = Release|Any CPU
		{F0A7D549-2995-47ED-8A33-3D10525F14D5}.Release|x86.ActiveCfg = Release|Any CPU
		{F0A7D549-2995-47ED-8A33-3D10525F14D5}.Release|x86.Build.0 = Release|Any CPU
		{EC032775-54B6-4DD5-9C42-9063596F4694}.Debug|Any CPU.ActiveCfg = Debug|Any CPU
		{EC032775-54B6-4DD5-9C42-9063596F4694}.Debug|Any CPU.Build.0 = Debug|Any CPU
		{EC032775-54B6-4DD5-9C42-9063596F4694}.Debug|x64.ActiveCfg = Debug|Any CPU
		{EC032775-54B6-4DD5-9C42-9063596F4694}.Debug|x64.Build.0 = Debug|Any CPU
		{EC032775-54B6-4DD5-9C42-9063596F4694}.Debug|x86.ActiveCfg = Debug|Any CPU
		{EC032775-54B6-4DD5-9C42-9063596F4694}.Debug|x86.Build.0 = Debug|Any CPU
		{EC032775-54B6-4DD5-9C42-9063596F4694}.Release|Any CPU.ActiveCfg = Release|Any CPU
		{EC032775-54B6-4DD5-9C42-9063596F4694}.Release|Any CPU.Build.0 = Release|Any CPU
		{EC032775-54B6-4DD5-9C42-9063596F4694}.Release|x64.ActiveCfg = Release|Any CPU
		{EC032775-54B6-4DD5-9C42-9063596F4694}.Release|x64.Build.0 = Release|Any CPU
		{EC032775-54B6-4DD5-9C42-9063596F4694}.Release|x86.ActiveCfg = Release|Any CPU
		{EC032775-54B6-4DD5-9C42-9063596F4694}.Release|x86.Build.0 = Release|Any CPU
	EndGlobalSection
	GlobalSection(SolutionProperties) = preSolution
		HideSolutionNode = FALSE
	EndGlobalSection
	GlobalSection(NestedProjects) = preSolution
		{CEF4A5E3-BCA1-457D-8B7A-3CB6A45B5414} = {827E0CD3-B72D-47B6-A68D-7590B98EB39B}
		{EE96E64E-BA72-46E9-A33E-2E470B0BA7EE} = {827E0CD3-B72D-47B6-A68D-7590B98EB39B}
		{B20D8215-15C5-4E4C-B800-D8C5B794AAEE} = {827E0CD3-B72D-47B6-A68D-7590B98EB39B}
		{08053522-3086-4194-8B8D-7401A28A8FB6} = {827E0CD3-B72D-47B6-A68D-7590B98EB39B}
		{4BBCEA65-41CE-444F-9DEC-92296D450FA5} = {827E0CD3-B72D-47B6-A68D-7590B98EB39B}
		{D1B4CF99-7947-DD6C-81D0-5B5B3989814C} = {827E0CD3-B72D-47B6-A68D-7590B98EB39B}
		{DBB947B3-62D2-4BF2-8655-132EE121D62C} = {D1B4CF99-7947-DD6C-81D0-5B5B3989814C}
		{3AB61D14-26E1-4A9F-91BA-CD3289629BE6} = {D1B4CF99-7947-DD6C-81D0-5B5B3989814C}
		{F0A7D549-2995-47ED-8A33-3D10525F14D5} = {D1B4CF99-7947-DD6C-81D0-5B5B3989814C}
	EndGlobalSection
	GlobalSection(ExtensibilityGlobals) = postSolution
		SolutionGuid = {A0238E84-F6FC-45AD-BD3F-60105F12064A}
	EndGlobalSection
EndGlobal
